{
  "name": "test-interface-imitator",
  "version": "1.0.0",
  "lockfileVersion": 1,
  "requires": true,
  "dependencies": {
    "@ulivz/get-event-listeners": {
      "version": "0.0.1",
      "resolved": "https://registry.npmjs.org/@ulivz/get-event-listeners/-/get-event-listeners-0.0.1.tgz",
      "integrity": "sha512-sDHY5UB55yAK2KoKmSWMZH1vvRP96VrsOk3K58kJtK/gCrBC5puenGMRtJQcMlcZlszhUrXFJBBKtevNGAD4lQ=="
    }
  }
}
